// !$*UTF8*$!
{
	archiveVersion = 1;
	classes = {
	};
	objectVersion = 46;
	objects = {

/* Begin PBXBuildFile section */
		D87716FF1D4C484D005807F9 /* AppDelegate.swift in Sources */ = {isa = PBXBuildFile; fileRef = D87716FE1D4C484D005807F9 /* AppDelegate.swift */; };
		D87717031D4C484D005807F9 /* GameScene.swift in Sources */ = {isa = PBXBuildFile; fileRef = D87717021D4C484D005807F9 /* GameScene.swift */; };
		D87717051D4C484D005807F9 /* GameViewController.swift in Sources */ = {isa = PBXBuildFile; fileRef = D87717041D4C484D005807F9 /* GameViewController.swift */; };
		D87717081D4C484D005807F9 /* Main.storyboard in Resources */ = {isa = PBXBuildFile; fileRef = D87717061D4C484D005807F9 /* Main.storyboard */; };
		D877170A1D4C484D005807F9 /* Assets.xcassets in Resources */ = {isa = PBXBuildFile; fileRef = D87717091D4C484D005807F9 /* Assets.xcassets */; };
		D877170D1D4C484D005807F9 /* LaunchScreen.storyboard in Resources */ = {isa = PBXBuildFile; fileRef = D877170B1D4C484D005807F9 /* LaunchScreen.storyboard */; };
		D87717151D4C4866005807F9 /* alienBlue.atlas in Resources */ = {isa = PBXBuildFile; fileRef = D87717141D4C4866005807F9 /* alienBlue.atlas */; };
		D87717191D4C48A4005807F9 /* scenery.atlas in Resources */ = {isa = PBXBuildFile; fileRef = D87717181D4C48A4005807F9 /* scenery.atlas */; };
		D877171B1D4C4910005807F9 /* Alien.swift in Sources */ = {isa = PBXBuildFile; fileRef = D877171A1D4C4910005807F9 /* Alien.swift */; };
		D877171D1D4C4A1F005807F9 /* PhysicsCategory.swift in Sources */ = {isa = PBXBuildFile; fileRef = D877171C1D4C4A1F005807F9 /* PhysicsCategory.swift */; };
		D877171F1D4C4C74005807F9 /* Sky.png in Resources */ = {isa = PBXBuildFile; fileRef = D877171E1D4C4C74005807F9 /* Sky.png */; };
		D87717211D4C524A005807F9 /* PlayState.swift in Sources */ = {isa = PBXBuildFile; fileRef = D87717201D4C524A005807F9 /* PlayState.swift */; };
		D87717231D4C52AA005807F9 /* GameOverState.swift in Sources */ = {isa = PBXBuildFile; fileRef = D87717221D4C52AA005807F9 /* GameOverState.swift */; };
		D87717251D4D9294005807F9 /* Block.swift in Sources */ = {isa = PBXBuildFile; fileRef = D87717241D4D9294005807F9 /* Block.swift */; };
		D87717281D4DB15F005807F9 /* AlienTrail.sks in Resources */ = {isa = PBXBuildFile; fileRef = D87717261D4DB15F005807F9 /* AlienTrail.sks */; };
		D87717291D4DB15F005807F9 /* spark.png in Resources */ = {isa = PBXBuildFile; fileRef = D87717271D4DB15F005807F9 /* spark.png */; };
		D877172B1D4DBCFB005807F9 /* Background.swift in Sources */ = {isa = PBXBuildFile; fileRef = D877172A1D4DBCFB005807F9 /* Background.swift */; };
/* End PBXBuildFile section */

/* Begin PBXFileReference section */
		D87716FB1D4C484D005807F9 /* Floaty-Alien.app */ = {isa = PBXFileReference; explicitFileType = wrapper.application; includeInIndex = 0; path = "Floaty-Alien.app"; sourceTree = BUILT_PRODUCTS_DIR; };
		D87716FE1D4C484D005807F9 /* AppDelegate.swift */ = {isa = PBXFileReference; lastKnownFileType = sourcecode.swift; path = AppDelegate.swift; sourceTree = "<group>"; };
		D87717021D4C484D005807F9 /* GameScene.swift */ = {isa = PBXFileReference; lastKnownFileType = sourcecode.swift; path = GameScene.swift; sourceTree = "<group>"; };
		D87717041D4C484D005807F9 /* GameViewController.swift */ = {isa = PBXFileReference; lastKnownFileType = sourcecode.swift; path = GameViewController.swift; sourceTree = "<group>"; };
		D87717071D4C484D005807F9 /* Base */ = {isa = PBXFileReference; lastKnownFileType = file.storyboard; name = Base; path = Base.lproj/Main.storyboard; sourceTree = "<group>"; };
		D87717091D4C484D005807F9 /* Assets.xcassets */ = {isa = PBXFileReference; lastKnownFileType = folder.assetcatalog; path = Assets.xcassets; sourceTree = "<group>"; };
		D877170C1D4C484D005807F9 /* Base */ = {isa = PBXFileReference; lastKnownFileType = file.storyboard; name = Base; path = Base.lproj/LaunchScreen.storyboard; sourceTree = "<group>"; };
		D877170E1D4C484D005807F9 /* Info.plist */ = {isa = PBXFileReference; lastKnownFileType = text.plist.xml; path = Info.plist; sourceTree = "<group>"; };
		D87717141D4C4866005807F9 /* alienBlue.atlas */ = {isa = PBXFileReference; lastKnownFileType = folder.skatlas; path = alienBlue.atlas; sourceTree = "<group>"; };
		D87717181D4C48A4005807F9 /* scenery.atlas */ = {isa = PBXFileReference; lastKnownFileType = folder.skatlas; path = scenery.atlas; sourceTree = "<group>"; };
		D877171A1D4C4910005807F9 /* Alien.swift */ = {isa = PBXFileReference; fileEncoding = 4; lastKnownFileType = sourcecode.swift; path = Alien.swift; sourceTree = "<group>"; };
		D877171C1D4C4A1F005807F9 /* PhysicsCategory.swift */ = {isa = PBXFileReference; fileEncoding = 4; lastKnownFileType = sourcecode.swift; path = PhysicsCategory.swift; sourceTree = "<group>"; };
		D877171E1D4C4C74005807F9 /* Sky.png */ = {isa = PBXFileReference; lastKnownFileType = image.png; path = Sky.png; sourceTree = "<group>"; };
		D87717201D4C524A005807F9 /* PlayState.swift */ = {isa = PBXFileReference; fileEncoding = 4; lastKnownFileType = sourcecode.swift; path = PlayState.swift; sourceTree = "<group>"; };
		D87717221D4C52AA005807F9 /* GameOverState.swift */ = {isa = PBXFileReference; fileEncoding = 4; lastKnownFileType = sourcecode.swift; path = GameOverState.swift; sourceTree = "<group>"; };
		D87717241D4D9294005807F9 /* Block.swift */ = {isa = PBXFileReference; fileEncoding = 4; lastKnownFileType = sourcecode.swift; path = Block.swift; sourceTree = "<group>"; };
		D87717261D4DB15F005807F9 /* AlienTrail.sks */ = {isa = PBXFileReference; lastKnownFileType = file.sks; path = AlienTrail.sks; sourceTree = "<group>"; };
		D87717271D4DB15F005807F9 /* spark.png */ = {isa = PBXFileReference; lastKnownFileType = image.png; path = spark.png; sourceTree = "<group>"; };
		D877172A1D4DBCFB005807F9 /* Background.swift */ = {isa = PBXFileReference; fileEncoding = 4; lastKnownFileType = sourcecode.swift; path = Background.swift; sourceTree = "<group>"; };
/* End PBXFileReference section */

/* Begin PBXFrameworksBuildPhase section */
		D87716F81D4C484D005807F9 /* Frameworks */ = {
			isa = PBXFrameworksBuildPhase;
			buildActionMask = 2147483647;
			files = (
			);
			runOnlyForDeploymentPostprocessing = 0;
		};
/* End PBXFrameworksBuildPhase section */

/* Begin PBXGroup section */
		D87716F21D4C484D005807F9 = {
			isa = PBXGroup;
			children = (
				D87716FD1D4C484D005807F9 /* Floaty-Alien */,
				D87716FC1D4C484D005807F9 /* Products */,
				D87717181D4C48A4005807F9 /* scenery.atlas */,
				D87717141D4C4866005807F9 /* alienBlue.atlas */,
			);
			sourceTree = "<group>";
		};
		D87716FC1D4C484D005807F9 /* Products */ = {
			isa = PBXGroup;
			children = (
				D87716FB1D4C484D005807F9 /* Floaty-Alien.app */,
			);
			name = Products;
			sourceTree = "<group>";
		};
		D87716FD1D4C484D005807F9 /* Floaty-Alien */ = {
			isa = PBXGroup;
			children = (
				D87716FE1D4C484D005807F9 /* AppDelegate.swift */,
				D87717021D4C484D005807F9 /* GameScene.swift */,
				D877172A1D4DBCFB005807F9 /* Background.swift */,
				D87717241D4D9294005807F9 /* Block.swift */,
				D87717201D4C524A005807F9 /* PlayState.swift */,
				D87717221D4C52AA005807F9 /* GameOverState.swift */,
				D877171C1D4C4A1F005807F9 /* PhysicsCategory.swift */,
				D877171A1D4C4910005807F9 /* Alien.swift */,
				D87717261D4DB15F005807F9 /* AlienTrail.sks */,
				D87717271D4DB15F005807F9 /* spark.png */,
				D87717041D4C484D005807F9 /* GameViewController.swift */,
				D87717061D4C484D005807F9 /* Main.storyboard */,
				D87717091D4C484D005807F9 /* Assets.xcassets */,
				D877171E1D4C4C74005807F9 /* Sky.png */,
				D877170B1D4C484D005807F9 /* LaunchScreen.storyboard */,
				D877170E1D4C484D005807F9 /* Info.plist */,
			);
			path = "Floaty-Alien";
			sourceTree = "<group>";
		};
/* End PBXGroup section */

/* Begin PBXNativeTarget section */
		D87716FA1D4C484D005807F9 /* Floaty-Alien */ = {
			isa = PBXNativeTarget;
			buildConfigurationList = D87717111D4C484D005807F9 /* Build configuration list for PBXNativeTarget "Floaty-Alien" */;
			buildPhases = (
				D87716F71D4C484D005807F9 /* Sources */,
				D87716F81D4C484D005807F9 /* Frameworks */,
				D87716F91D4C484D005807F9 /* Resources */,
			);
			buildRules = (
			);
			dependencies = (
			);
			name = "Floaty-Alien";
			productName = "Floaty-Alien";
			productReference = D87716FB1D4C484D005807F9 /* Floaty-Alien.app */;
			productType = "com.apple.product-type.application";
		};
/* End PBXNativeTarget section */

/* Begin PBXProject section */
		D87716F31D4C484D005807F9 /* Project object */ = {
			isa = PBXProject;
			attributes = {
				LastSwiftUpdateCheck = 0730;
				LastUpgradeCheck = 0730;
				ORGANIZATIONNAME = "mitchell hudson";
				TargetAttributes = {
					D87716FA1D4C484D005807F9 = {
						CreatedOnToolsVersion = 7.3.1;
					};
				};
			};
			buildConfigurationList = D87716F61D4C484D005807F9 /* Build configuration list for PBXProject "Floaty-Alien" */;
			compatibilityVersion = "Xcode 3.2";
			developmentRegion = English;
			hasScannedForEncodings = 0;
			knownRegions = (
				en,
				Base,
			);
			mainGroup = D87716F21D4C484D005807F9;
			productRefGroup = D87716FC1D4C484D005807F9 /* Products */;
			projectDirPath = "";
			projectRoot = "";
			targets = (
				D87716FA1D4C484D005807F9 /* Floaty-Alien */,
			);
		};
/* End PBXProject section */

/* Begin PBXResourcesBuildPhase section */
		D87716F91D4C484D005807F9 /* Resources */ = {
			isa = PBXResourcesBuildPhase;
			buildActionMask = 2147483647;
			files = (
				D87717191D4C48A4005807F9 /* scenery.atlas in Resources */,
				D877170D1D4C484D005807F9 /* LaunchScreen.storyboard in Resources */,
				D877170A1D4C484D005807F9 /* Assets.xcassets in Resources */,
				D877171F1D4C4C74005807F9 /* Sky.png in Resources */,
				D87717281D4DB15F005807F9 /* AlienTrail.sks in Resources */,
				D87717291D4DB15F005807F9 /* spark.png in Resources */,
				D87717151D4C4866005807F9 /* alienBlue.atlas in Resources */,
				D87717081D4C484D005807F9 /* Main.storyboard in Resources */,
			);
			runOnlyForDeploymentPostprocessing = 0;
		};
/* End PBXResourcesBuildPhase section */

/* Begin PBXSourcesBuildPhase section */
		D87716F71D4C484D005807F9 /* Sources */ = {
			isa = PBXSourcesBuildPhase;
			buildActionMask = 2147483647;
			files = (
				D87717031D4C484D005807F9 /* GameScene.swift in Sources */,
				D87717251D4D9294005807F9 /* Block.swift in Sources */,
				D87717051D4C484D005807F9 /* GameViewController.swift in Sources */,
				D87717231D4C52AA005807F9 /* GameOverState.swift in Sources */,
				D877171D1D4C4A1F005807F9 /* PhysicsCategory.swift in Sources */,
				D877172B1D4DBCFB005807F9 /* Background.swift in Sources */,
				D87716FF1D4C484D005807F9 /* AppDelegate.swift in Sources */,
				D877171B1D4C4910005807F9 /* Alien.swift in Sources */,
				D87717211D4C524A005807F9 /* PlayState.swift in Sources */,
			);
			runOnlyForDeploymentPostprocessing = 0;
		};
/* End PBXSourcesBuildPhase section */

/* Begin PBXVariantGroup section */
		D87717061D4C484D005807F9 /* Main.storyboard */ = {
			isa = PBXVariantGroup;
			children = (
				D87717071D4C484D005807F9 /* Base */,
			);
			name = Main.storyboard;
			sourceTree = "<group>";
		};
		D877170B1D4C484D005807F9 /* LaunchScreen.storyboard */ = {
			isa = PBXVariantGroup;
			children = (
				D877170C1D4C484D005807F9 /* Base */,
			);
			name = LaunchScreen.storyboard;
			sourceTree = "<group>";
		};
/* End PBXVariantGroup section */

/* Begin XCBuildConfiguration section */
		D877170F1D4C484D005807F9 /* Debug */ = {
			isa = XCBuildConfiguration;
			buildSettings = {
				ALWAYS_SEARCH_USER_PATHS = NO;
				CLANG_ANALYZER_NONNULL = YES;
				CLANG_CXX_LANGUAGE_STANDARD = "gnu++0x";
				CLANG_CXX_LIBRARY = "libc++";
				CLANG_ENABLE_MODULES = YES;
				CLANG_ENABLE_OBJC_ARC = YES;
				CLANG_WARN_BOOL_CONVERSION = YES;
				CLANG_WARN_CONSTANT_CONVERSION = YES;
				CLANG_WARN_DIRECT_OBJC_ISA_USAGE = YES_ERROR;
				CLANG_WARN_EMPTY_BODY = YES;
				CLANG_WARN_ENUM_CONVERSION = YES;
				CLANG_WARN_INT_CONVERSION = YES;
				CLANG_WARN_OBJC_ROOT_CLASS = YES_ERROR;
				CLANG_WARN_UNREACHABLE_CODE = YES;
				CLANG_WARN__DUPLICATE_METHOD_MATCH = YES;
				"CODE_SIGN_IDENTITY[sdk=iphoneos*]" = "iPhone Developer";
				COPY_PHASE_STRIP = NO;
				DEBUG_INFORMATION_FORMAT = "dwarf-with-dsym";
				ENABLE_STRICT_OBJC_MSGSEND = YES;
				ENABLE_TESTABILITY = YES;
				GCC_C_LANGUAGE_STANDARD = gnu99;
				GCC_DYNAMIC_NO_PIC = NO;
				GCC_NO_COMMON_BLOCKS = YES;
				GCC_OPTIMIZATION_LEVEL = 0;
				GCC_PREPROCESSOR_DEFINITIONS = (
					"DEBUG=1",
					"$(inherited)",
				);
				GCC_WARN_64_TO_32_BIT_CONVERSION = YES;
				GCC_WARN_ABOUT_RETURN_TYPE = YES_ERROR;
				GCC_WARN_UNDECLARED_SELECTOR = YES;
				GCC_WARN_UNINITIALIZED_AUTOS = YES_AGGRESSIVE;
				GCC_WARN_UNUSED_FUNCTION = YES;
				GCC_WARN_UNUSED_VARIABLE = YES;
				IPHONEOS_DEPLOYMENT_TARGET = 9.3;
				MTL_ENABLE_DEBUG_INFO = YES;
				ONLY_ACTIVE_ARCH = YES;
				SDKROOT = iphoneos;
				SWIFT_OPTIMIZATION_LEVEL = "-Onone";
			};
			name = Debug;
		};
		D87717101D4C484D005807F9 /* Release */ = {
			isa = XCBuildConfiguration;
			buildSettings = {
				ALWAYS_SEARCH_USER_PATHS = NO;
				CLANG_ANALYZER_NONNULL = YES;
				CLANG_CXX_LANGUAGE_STANDARD = "gnu++0x";
				CLANG_CXX_LIBRARY = "libc++";
				CLANG_ENABLE_MODULES = YES;
				CLANG_ENABLE_OBJC_ARC = YES;
				CLANG_WARN_BOOL_CONVERSION = YES;
				CLANG_WARN_CONSTANT_CONVERSION = YES;
				CLANG_WARN_DIRECT_OBJC_ISA_USAGE = YES_ERROR;
				CLANG_WARN_EMPTY_BODY = YES;
				CLANG_WARN_ENUM_CONVERSION = YES;
				CLANG_WARN_INT_CONVERSION = YES;
				CLANG_WARN_OBJC_ROOT_CLASS = YES_ERROR;
				CLANG_WARN_UNREACHABLE_CODE = YES;
				CLANG_WARN__DUPLICATE_METHOD_MATCH = YES;
				"CODE_SIGN_IDENTITY[sdk=iphoneos*]" = "iPhone Developer";
				COPY_PHASE_STRIP = NO;
				DEBUG_INFORMATION_FORMAT = "dwarf-with-dsym";
				ENABLE_NS_ASSERTIONS = NO;
				ENABLE_STRICT_OBJC_MSGSEND = YES;
				GCC_C_LANGUAGE_STANDARD = gnu99;
				GCC_NO_COMMON_BLOCKS = YES;
				GCC_WARN_64_TO_32_BIT_CONVERSION = YES;
				GCC_WARN_ABOUT_RETURN_TYPE = YES_ERROR;
				GCC_WARN_UNDECLARED_SELECTOR = YES;
				GCC_WARN_UNINITIALIZED_AUTOS = YES_AGGRESSIVE;
				GCC_WARN_UNUSED_FUNCTION = YES;
				GCC_WARN_UNUSED_VARIABLE = YES;
				IPHONEOS_DEPLOYMENT_TARGET = 9.3;
				MTL_ENABLE_DEBUG_INFO = NO;
				SDKROOT = iphoneos;
				VALIDATE_PRODUCT = YES;
			};
			name = Release;
		};
		D87717121D4C484D005807F9 /* Debug */ = {
			isa = XCBuildConfiguration;
			buildSettings = {
				ASSETCATALOG_COMPILER_APPICON_NAME = AppIcon;
				INFOPLIST_FILE = "Floaty-Alien/Info.plist";
				LD_RUNPATH_SEARCH_PATHS = "$(inherited) @executable_path/Frameworks";
				PRODUCT_BUNDLE_IDENTIFIER = "com.webdevils.Floaty-Alien";
				PRODUCT_NAME = "$(TARGET_NAME)";
			};
			name = Debug;
		};
		D87717131D4C484D005807F9 /* Release */ = {
			isa = XCBuildConfiguration;
			buildSettings = {
				ASSETCATALOG_COMPILER_APPICON_NAME = AppIcon;
				INFOPLIST_FILE = "Floaty-Alien/Info.plist";
				LD_RUNPATH_SEARCH_PATHS = "$(inherited) @executable_path/Frameworks";
				PRODUCT_BUNDLE_IDENTIFIER = "com.webdevils.Floaty-Alien";
				PRODUCT_NAME = "$(TARGET_NAME)";
			};
			name = Release;
		};
/* End XCBuildConfiguration section */

/* Begin XCConfigurationList section */
		D87716F61D4C484D005807F9 /* Build configuration list for PBXProject "Floaty-Alien" */ = {
			isa = XCConfigurationList;
			buildConfigurations = (
				D877170F1D4C484D005807F9 /* Debug */,
				D87717101D4C484D005807F9 /* Release */,
			);
			defaultConfigurationIsVisible = 0;
			defaultConfigurationName = Release;
		};
		D87717111D4C484D005807F9 /* Build configuration list for PBXNativeTarget "Floaty-Alien" */ = {
			isa = XCConfigurationList;
			buildConfigurations = (
				D87717121D4C484D005807F9 /* Debug */,
				D87717131D4C484D005807F9 /* Release */,
			);
			defaultConfigurationIsVisible = 0;
		};
/* End XCConfigurationList section */
	};
	rootObject = D87716F31D4C484D005807F9 /* Project object */;
}
